
Microsoft Visual Studio Solution File, Format Version 12.00
# Visual Studio Version 17
VisualStudioVersion = 17.0.31919.166
MinimumVisualStudioVersion = 10.0.40219.1
Project("{FAE04EC0-301F-11D3-BF4B-00C04F79EFBC}") = "n1", "n1\n1.csproj", "{D8EE498A-4C7B-4B45-B045-59658C9C771F}"
EndProject
Project("{FAE04EC0-301F-11D3-BF4B-00C04F79EFBC}") = "n2", "n2\n2.csproj", "{E07896E0-9901-4F58-8C5A-4231C2EA62A0}"
EndProject
Global
	GlobalSection(SolutionConfigurationPlatforms) = preSolution
		Debug|Any CPU = Debug|Any CPU
		Release|Any CPU = Release|Any CPU
	EndGlobalSection
	GlobalSection(ProjectConfigurationPlatforms) = postSolution
		{D8EE498A-4C7B-4B45-B045-59658C9C771F}.Debug|Any CPU.ActiveCfg = Debug|Any CPU
		{D8EE498A-4C7B-4B45-B045-59658C9C771F}.Debug|Any CPU.Build.0 = Debug|Any CPU
		{D8EE498A-4C7B-4B45-B045-59658C9C771F}.Release|Any CPU.ActiveCfg = Release|Any CPU
		{D8EE498A-4C7B-4B45-B045-59658C9C771F}.Release|Any CPU.Build.0 = Release|Any CPU
		{E07896E0-9901-4F58-8C5A-4231C2EA62A0}.Debug|Any CPU.ActiveCfg = Debug|Any CPU
		{E07896E0-9901-4F58-8C5A-4231C2EA62A0}.Debug|Any CPU.Build.0 = Debug|Any CPU
		{E07896E0-9901-4F58-8C5A-4231C2EA62A0}.Release|Any CPU.ActiveCfg = Release|Any CPU
		{E07896E0-9901-4F58-8C5A-4231C2EA62A0}.Release|Any CPU.Build.0 = Release|Any CPU
	EndGlobalSection
	GlobalSection(SolutionProperties) = preSolution
		HideSolutionNode = FALSE
	EndGlobalSection
	GlobalSection(ExtensibilityGlobals) = postSolution
		SolutionGuid = {32EDDA2E-FF41-459D-AA14-372D6E83CB6D}
	EndGlobalSection
EndGlobal
